
Microsoft Visual Studio Solution File, Format Version 12.00
# Visual Studio 15
VisualStudioVersion = 15.0.27428.2015
MinimumVisualStudioVersion = 10.0.40219.1
Project("{FAE04EC0-301F-11D3-BF4B-00C04F79EFBC}") = "SimUDuck", "SimUDuck\SimUDuck.csproj", "{FB5AAF4D-79B8-45C6-B00F-3E3F7AB2B62C}"
EndProject
Global
	GlobalSection(SolutionConfigurationPlatforms) = preSolution
		Debug|Any CPU = Debug|Any CPU
		Release|Any CPU = Release|Any CPU
	EndGlobalSection
	GlobalSection(ProjectConfigurationPlatforms) = postSolution
		{FB5AAF4D-79B8-45C6-B00F-3E3F7AB2B62C}.Debug|Any CPU.ActiveCfg = Debug|Any CPU
		{FB5AAF4D-79B8-45C6-B00F-3E3F7AB2B62C}.Debug|Any CPU.Build.0 = Debug|Any CPU
		{FB5AAF4D-79B8-45C6-B00F-3E3F7AB2B62C}.Release|Any CPU.ActiveCfg = Release|Any CPU
		{FB5AAF4D-79B8-45C6-B00F-3E3F7AB2B62C}.Release|Any CPU.Build.0 = Release|Any CPU
	EndGlobalSection
	GlobalSection(SolutionProperties) = preSolution
		HideSolutionNode = FALSE
	EndGlobalSection
	GlobalSection(ExtensibilityGlobals) = postSolution
		SolutionGuid = {C3005429-4273-4F6D-BA07-42952D5A0852}
	EndGlobalSection
EndGlobal
